
Microsoft Visual Studio Solution File, Format Version 12.00
# Visual Studio Version 16
VisualStudioVersion = 16.0.31729.503
MinimumVisualStudioVersion = 10.0.40219.1
Project("{FAE04EC0-301F-11D3-BF4B-00C04F79EFBC}") = "ConsoleApp6", "ConsoleApp6\ConsoleApp6.csproj", "{3DDFCA1B-B6B9-4A59-A7CA-C98C2552E155}"
EndProject
Global
	GlobalSection(SolutionConfigurationPlatforms) = preSolution
		Debug|Any CPU = Debug|Any CPU
		Release|Any CPU = Release|Any CPU
	EndGlobalSection
	GlobalSection(ProjectConfigurationPlatforms) = postSolution
		{3DDFCA1B-B6B9-4A59-A7CA-C98C2552E155}.Debug|Any CPU.ActiveCfg = Debug|Any CPU
		{3DDFCA1B-B6B9-4A59-A7CA-C98C2552E155}.Debug|Any CPU.Build.0 = Debug|Any CPU
		{3DDFCA1B-B6B9-4A59-A7CA-C98C2552E155}.Release|Any CPU.ActiveCfg = Release|Any CPU
		{3DDFCA1B-B6B9-4A59-A7CA-C98C2552E155}.Release|Any CPU.Build.0 = Release|Any CPU
	EndGlobalSection
	GlobalSection(SolutionProperties) = preSolution
		HideSolutionNode = FALSE
	EndGlobalSection
	GlobalSection(ExtensibilityGlobals) = postSolution
		SolutionGuid = {AC7DB6C0-6357-49E1-B92C-50DD3842B962}
	EndGlobalSection
EndGlobal
