
Microsoft Visual Studio Solution File, Format Version 12.00
# Visual Studio Version 16
VisualStudioVersion = 16.0.33214.272
MinimumVisualStudioVersion = 10.0.40219.1
Project("{FAE04EC0-301F-11D3-BF4B-00C04F79EFBC}") = "ConsoleApp1", "ConsoleApp1\ConsoleApp1.csproj", "{B29E53FE-0047-43A0-8BDE-E634AAB37338}"
EndProject
Global
	GlobalSection(SolutionConfigurationPlatforms) = preSolution
		Debug|Any CPU = Debug|Any CPU
		Release|Any CPU = Release|Any CPU
	EndGlobalSection
	GlobalSection(ProjectConfigurationPlatforms) = postSolution
		{B29E53FE-0047-43A0-8BDE-E634AAB37338}.Debug|Any CPU.ActiveCfg = Debug|Any CPU
		{B29E53FE-0047-43A0-8BDE-E634AAB37338}.Debug|Any CPU.Build.0 = Debug|Any CPU
		{B29E53FE-0047-43A0-8BDE-E634AAB37338}.Release|Any CPU.ActiveCfg = Release|Any CPU
		{B29E53FE-0047-43A0-8BDE-E634AAB37338}.Release|Any CPU.Build.0 = Release|Any CPU
	EndGlobalSection
	GlobalSection(SolutionProperties) = preSolution
		HideSolutionNode = FALSE
	EndGlobalSection
	GlobalSection(ExtensibilityGlobals) = postSolution
		SolutionGuid = {AADDD5B2-D261-4D09-B741-5174FB180F72}
	EndGlobalSection
EndGlobal
