
Microsoft Visual Studio Solution File, Format Version 12.00
# Visual Studio Version 16
VisualStudioVersion = 16.0.33214.272
MinimumVisualStudioVersion = 10.0.40219.1
Project("{FAE04EC0-301F-11D3-BF4B-00C04F79EFBC}") = "ConsoleApp1", "ConsoleApp1\ConsoleApp1.csproj", "{3ADEA427-32E6-4EDB-B47E-427B8148AE55}"
EndProject
Global
	GlobalSection(SolutionConfigurationPlatforms) = preSolution
		Debug|Any CPU = Debug|Any CPU
		Release|Any CPU = Release|Any CPU
	EndGlobalSection
	GlobalSection(ProjectConfigurationPlatforms) = postSolution
		{3ADEA427-32E6-4EDB-B47E-427B8148AE55}.Debug|Any CPU.ActiveCfg = Debug|Any CPU
		{3ADEA427-32E6-4EDB-B47E-427B8148AE55}.Debug|Any CPU.Build.0 = Debug|Any CPU
		{3ADEA427-32E6-4EDB-B47E-427B8148AE55}.Release|Any CPU.ActiveCfg = Release|Any CPU
		{3ADEA427-32E6-4EDB-B47E-427B8148AE55}.Release|Any CPU.Build.0 = Release|Any CPU
	EndGlobalSection
	GlobalSection(SolutionProperties) = preSolution
		HideSolutionNode = FALSE
	EndGlobalSection
	GlobalSection(ExtensibilityGlobals) = postSolution
		SolutionGuid = {1C77C8B4-E7E2-44C8-AAAA-53F7FA91FAFB}
	EndGlobalSection
EndGlobal
