
Microsoft Visual Studio Solution File, Format Version 12.00
# Visual Studio Version 16
VisualStudioVersion = 16.0.33214.272
MinimumVisualStudioVersion = 10.0.40219.1
Project("{FAE04EC0-301F-11D3-BF4B-00C04F79EFBC}") = "ConsoleApp1", "ConsoleApp1\ConsoleApp1.csproj", "{9DCB434D-96AE-4AAE-A79F-2A7C055503D6}"
EndProject
Global
	GlobalSection(SolutionConfigurationPlatforms) = preSolution
		Debug|Any CPU = Debug|Any CPU
		Release|Any CPU = Release|Any CPU
	EndGlobalSection
	GlobalSection(ProjectConfigurationPlatforms) = postSolution
		{9DCB434D-96AE-4AAE-A79F-2A7C055503D6}.Debug|Any CPU.ActiveCfg = Debug|Any CPU
		{9DCB434D-96AE-4AAE-A79F-2A7C055503D6}.Debug|Any CPU.Build.0 = Debug|Any CPU
		{9DCB434D-96AE-4AAE-A79F-2A7C055503D6}.Release|Any CPU.ActiveCfg = Release|Any CPU
		{9DCB434D-96AE-4AAE-A79F-2A7C055503D6}.Release|Any CPU.Build.0 = Release|Any CPU
	EndGlobalSection
	GlobalSection(SolutionProperties) = preSolution
		HideSolutionNode = FALSE
	EndGlobalSection
	GlobalSection(ExtensibilityGlobals) = postSolution
		SolutionGuid = {5F13B7D0-9688-4F89-AAEF-59C8C280FBD1}
	EndGlobalSection
EndGlobal
