
Microsoft Visual Studio Solution File, Format Version 12.00
# Visual Studio Version 16
VisualStudioVersion = 16.0.33130.400
MinimumVisualStudioVersion = 10.0.40219.1
Project("{FAE04EC0-301F-11D3-BF4B-00C04F79EFBC}") = "ConsoleApp2", "ConsoleApp2\ConsoleApp2.csproj", "{0F0E6D0D-7F4F-4BE9-81D7-31A6BB5DF7A0}"
EndProject
Global
	GlobalSection(SolutionConfigurationPlatforms) = preSolution
		Debug|Any CPU = Debug|Any CPU
		Release|Any CPU = Release|Any CPU
	EndGlobalSection
	GlobalSection(ProjectConfigurationPlatforms) = postSolution
		{0F0E6D0D-7F4F-4BE9-81D7-31A6BB5DF7A0}.Debug|Any CPU.ActiveCfg = Debug|Any CPU
		{0F0E6D0D-7F4F-4BE9-81D7-31A6BB5DF7A0}.Debug|Any CPU.Build.0 = Debug|Any CPU
		{0F0E6D0D-7F4F-4BE9-81D7-31A6BB5DF7A0}.Release|Any CPU.ActiveCfg = Release|Any CPU
		{0F0E6D0D-7F4F-4BE9-81D7-31A6BB5DF7A0}.Release|Any CPU.Build.0 = Release|Any CPU
	EndGlobalSection
	GlobalSection(SolutionProperties) = preSolution
		HideSolutionNode = FALSE
	EndGlobalSection
	GlobalSection(ExtensibilityGlobals) = postSolution
		SolutionGuid = {230BD512-9791-433C-91B5-AB15C8967507}
	EndGlobalSection
EndGlobal
